
Microsoft Visual Studio Solution File, Format Version 12.00
# Visual Studio 14
VisualStudioVersion = 14.0.25420.1
MinimumVisualStudioVersion = 10.0.40219.1
Project("{8BC9CEB8-8B4A-11D0-8D11-00A0C91BC942}") = "DataChunker", "DataChunker.vcxproj", "{F43FA787-D656-43BD-9309-B5A323D74A7B}"
EndProject
Project("{8BC9CEB8-8B4A-11D0-8D11-00A0C91BC942}") = "Sender", "Sender\Sender.vcxproj", "{CBEEDFCC-A572-487E-812E-CEC0378CB62E}"
EndProject
Project("{8BC9CEB8-8B4A-11D0-8D11-00A0C91BC942}") = "Receiver", "Receiver\Receiver.vcxproj", "{A56F8DD2-CFEF-4B26-9F0C-38EF2424A8AC}"
EndProject
Global
	GlobalSection(SolutionConfigurationPlatforms) = preSolution
		Debug|Win32 = Debug|Win32
		Release|Win32 = Release|Win32
	EndGlobalSection
	GlobalSection(ProjectConfigurationPlatforms) = postSolution
		{F43FA787-D656-43BD-9309-B5A323D74A7B}.Debug|Win32.ActiveCfg = Debug|Win32
		{F43FA787-D656-43BD-9309-B5A323D74A7B}.Debug|Win32.Build.0 = Debug|Win32
		{F43FA787-D656-43BD-9309-B5A323D74A7B}.Release|Win32.ActiveCfg = Release|Win32
		{F43FA787-D656-43BD-9309-B5A323D74A7B}.Release|Win32.Build.0 = Release|Win32
		{CBEEDFCC-A572-487E-812E-CEC0378CB62E}.Debug|Win32.ActiveCfg = Debug|Win32
		{CBEEDFCC-A572-487E-812E-CEC0378CB62E}.Debug|Win32.Build.0 = Debug|Win32
		{CBEEDFCC-A572-487E-812E-CEC0378CB62E}.Release|Win32.ActiveCfg = Release|Win32
		{CBEEDFCC-A572-487E-812E-CEC0378CB62E}.Release|Win32.Build.0 = Release|Win32
		{A56F8DD2-CFEF-4B26-9F0C-38EF2424A8AC}.Debug|Win32.ActiveCfg = Debug|Win32
		{A56F8DD2-CFEF-4B26-9F0C-38EF2424A8AC}.Debug|Win32.Build.0 = Debug|Win32
		{A56F8DD2-CFEF-4B26-9F0C-38EF2424A8AC}.Release|Win32.ActiveCfg = Release|Win32
		{A56F8DD2-CFEF-4B26-9F0C-38EF2424A8AC}.Release|Win32.Build.0 = Release|Win32
	EndGlobalSection
	GlobalSection(SolutionProperties) = preSolution
		HideSolutionNode = FALSE
	EndGlobalSection
EndGlobal
